// !$*UTF8*$!
{
	archiveVersion = 1;
	classes = {
	};
	objectVersion = 46;
	objects = {

/* Begin PBXBuildFile section */
		7542498B18038A7C0036F867 /* Question3ViewController.m in Sources */ = {isa = PBXBuildFile; fileRef = 7542498A18038A7C0036F867 /* Question3ViewController.m */; };
		754937131831CB1100A136BE /* Localizable.strings in Resources */ = {isa = PBXBuildFile; fileRef = 754937151831CB1100A136BE /* Localizable.strings */; };
		754FD93E18076C6A005E4281 /* Question4ViewController.m in Sources */ = {isa = PBXBuildFile; fileRef = 754FD93D18076C6A005E4281 /* Question4ViewController.m */; };
		754FD94118076DFF005E4281 /* Question5ViewController.m in Sources */ = {isa = PBXBuildFile; fileRef = 754FD94018076DFF005E4281 /* Question5ViewController.m */; };
		754FD94418076F00005E4281 /* FinishedGameViewController.m in Sources */ = {isa = PBXBuildFile; fileRef = 754FD94318076F00005E4281 /* FinishedGameViewController.m */; };
		75718D331831BEDD00F92484 /* movie-game-logo.png in Resources */ = {isa = PBXBuildFile; fileRef = 75718D321831BEDD00F92484 /* movie-game-logo.png */; };
		75718D351831BEE900F92484 /* movie-game-logo.png in Resources */ = {isa = PBXBuildFile; fileRef = 75718D341831BEE900F92484 /* movie-game-logo.png */; };
		75A2C7B6180382DF00E1DB92 /* UIKit.framework in Frameworks */ = {isa = PBXBuildFile; fileRef = 75A2C7B5180382DF00E1DB92 /* UIKit.framework */; };
		75A2C7B8180382DF00E1DB92 /* Foundation.framework in Frameworks */ = {isa = PBXBuildFile; fileRef = 75A2C7B7180382DF00E1DB92 /* Foundation.framework */; };
		75A2C7BA180382DF00E1DB92 /* CoreGraphics.framework in Frameworks */ = {isa = PBXBuildFile; fileRef = 75A2C7B9180382DF00E1DB92 /* CoreGraphics.framework */; };
		75A2C7C0180382DF00E1DB92 /* InfoPlist.strings in Resources */ = {isa = PBXBuildFile; fileRef = 75A2C7BE180382DF00E1DB92 /* InfoPlist.strings */; };
		75A2C7C2180382DF00E1DB92 /* main.m in Sources */ = {isa = PBXBuildFile; fileRef = 75A2C7C1180382DF00E1DB92 /* main.m */; };
		75A2C7C6180382DF00E1DB92 /* MovieGameAppDelegate.m in Sources */ = {isa = PBXBuildFile; fileRef = 75A2C7C5180382DF00E1DB92 /* MovieGameAppDelegate.m */; };
		75A2C7C8180382DF00E1DB92 /* Default.png in Resources */ = {isa = PBXBuildFile; fileRef = 75A2C7C7180382DF00E1DB92 /* Default.png */; };
		75A2C7CA180382DF00E1DB92 /* Default@2x.png in Resources */ = {isa = PBXBuildFile; fileRef = 75A2C7C9180382DF00E1DB92 /* Default@2x.png */; };
		75A2C7CC180382DF00E1DB92 /* Default-568h@2x.png in Resources */ = {isa = PBXBuildFile; fileRef = 75A2C7CB180382DF00E1DB92 /* Default-568h@2x.png */; };
		75A2C7CF180382DF00E1DB92 /* MainStoryboard.storyboard in Resources */ = {isa = PBXBuildFile; fileRef = 75A2C7CD180382DF00E1DB92 /* MainStoryboard.storyboard */; };
		75A2C7D2180382DF00E1DB92 /* MovieGameViewController.m in Sources */ = {isa = PBXBuildFile; fileRef = 75A2C7D1180382DF00E1DB92 /* MovieGameViewController.m */; };
		75A2C7DA180383DF00E1DB92 /* Question1ViewController.m in Sources */ = {isa = PBXBuildFile; fileRef = 75A2C7D9180383DF00E1DB92 /* Question1ViewController.m */; };
		75A2C7DD180386C300E1DB92 /* Question2ViewController.m in Sources */ = {isa = PBXBuildFile; fileRef = 75A2C7DC180386C300E1DB92 /* Question2ViewController.m */; };
/* End PBXBuildFile section */

/* Begin PBXFileReference section */
		7542498918038A7C0036F867 /* Question3ViewController.h */ = {isa = PBXFileReference; fileEncoding = 4; lastKnownFileType = sourcecode.c.h; path = Question3ViewController.h; sourceTree = "<group>"; };
		7542498A18038A7C0036F867 /* Question3ViewController.m */ = {isa = PBXFileReference; fileEncoding = 4; lastKnownFileType = sourcecode.c.objc; path = Question3ViewController.m; sourceTree = "<group>"; };
		754937141831CB1100A136BE /* en */ = {isa = PBXFileReference; lastKnownFileType = text.plist.strings; name = en; path = en.lproj/Localizable.strings; sourceTree = "<group>"; };
		754937161831CB1900A136BE /* fr */ = {isa = PBXFileReference; lastKnownFileType = text.plist.strings; name = fr; path = fr.lproj/Localizable.strings; sourceTree = "<group>"; };
		754937171831CD0100A136BE /* es */ = {isa = PBXFileReference; lastKnownFileType = text.plist.strings; name = es; path = es.lproj/MainStoryboard.strings; sourceTree = "<group>"; };
		754937181831CD0100A136BE /* es */ = {isa = PBXFileReference; lastKnownFileType = text.plist.strings; name = es; path = es.lproj/InfoPlist.strings; sourceTree = "<group>"; };
		754937191831CD0100A136BE /* es */ = {isa = PBXFileReference; lastKnownFileType = text.plist.strings; name = es; path = es.lproj/Localizable.strings; sourceTree = "<group>"; };
		7549371A1831CF5D00A136BE /* zh-Hans */ = {isa = PBXFileReference; lastKnownFileType = text.plist.strings; name = "zh-Hans"; path = "zh-Hans.lproj/MainStoryboard.strings"; sourceTree = "<group>"; };
		7549371B1831CF5D00A136BE /* zh-Hans */ = {isa = PBXFileReference; lastKnownFileType = text.plist.strings; name = "zh-Hans"; path = "zh-Hans.lproj/InfoPlist.strings"; sourceTree = "<group>"; };
		7549371C1831CF5D00A136BE /* zh-Hans */ = {isa = PBXFileReference; lastKnownFileType = text.plist.strings; name = "zh-Hans"; path = "zh-Hans.lproj/Localizable.strings"; sourceTree = "<group>"; };
		754FD93C18076C6A005E4281 /* Question4ViewController.h */ = {isa = PBXFileReference; fileEncoding = 4; lastKnownFileType = sourcecode.c.h; path = Question4ViewController.h; sourceTree = "<group>"; };
		754FD93D18076C6A005E4281 /* Question4ViewController.m */ = {isa = PBXFileReference; fileEncoding = 4; lastKnownFileType = sourcecode.c.objc; path = Question4ViewController.m; sourceTree = "<group>"; };
		754FD93F18076DFF005E4281 /* Question5ViewController.h */ = {isa = PBXFileReference; fileEncoding = 4; lastKnownFileType = sourcecode.c.h; path = Question5ViewController.h; sourceTree = "<group>"; };
		754FD94018076DFF005E4281 /* Question5ViewController.m */ = {isa = PBXFileReference; fileEncoding = 4; lastKnownFileType = sourcecode.c.objc; path = Question5ViewController.m; sourceTree = "<group>"; };
		754FD94218076F00005E4281 /* FinishedGameViewController.h */ = {isa = PBXFileReference; fileEncoding = 4; lastKnownFileType = sourcecode.c.h; path = FinishedGameViewController.h; sourceTree = "<group>"; };
		754FD94318076F00005E4281 /* FinishedGameViewController.m */ = {isa = PBXFileReference; fileEncoding = 4; lastKnownFileType = sourcecode.c.objc; path = FinishedGameViewController.m; sourceTree = "<group>"; };
		75718D321831BEDD00F92484 /* movie-game-logo.png */ = {isa = PBXFileReference; lastKnownFileType = image.png; name = "movie-game-logo.png"; path = "../../../Downloads/movie-game-logo.png"; sourceTree = "<group>"; };
		75718D341831BEE900F92484 /* movie-game-logo.png */ = {isa = PBXFileReference; lastKnownFileType = image.png; path = "movie-game-logo.png"; sourceTree = "<group>"; };
		75718D361831C46300F92484 /* Base */ = {isa = PBXFileReference; lastKnownFileType = file.storyboard; name = Base; path = Base.lproj/MainStoryboard.storyboard; sourceTree = "<group>"; };
		75718D371831C4EE00F92484 /* fr */ = {isa = PBXFileReference; lastKnownFileType = text.plist.strings; name = fr; path = fr.lproj/MainStoryboard.strings; sourceTree = "<group>"; };
		75718D381831C4EE00F92484 /* fr */ = {isa = PBXFileReference; lastKnownFileType = text.plist.strings; name = fr; path = fr.lproj/InfoPlist.strings; sourceTree = "<group>"; };
		75A2C7B1180382DF00E1DB92 /* MovieGame.app */ = {isa = PBXFileReference; explicitFileType = wrapper.application; includeInIndex = 0; path = MovieGame.app; sourceTree = BUILT_PRODUCTS_DIR; };
		75A2C7B5180382DF00E1DB92 /* UIKit.framework */ = {isa = PBXFileReference; lastKnownFileType = wrapper.framework; name = UIKit.framework; path = System/Library/Frameworks/UIKit.framework; sourceTree = SDKROOT; };
		75A2C7B7180382DF00E1DB92 /* Foundation.framework */ = {isa = PBXFileReference; lastKnownFileType = wrapper.framework; name = Foundation.framework; path = System/Library/Frameworks/Foundation.framework; sourceTree = SDKROOT; };
		75A2C7B9180382DF00E1DB92 /* CoreGraphics.framework */ = {isa = PBXFileReference; lastKnownFileType = wrapper.framework; name = CoreGraphics.framework; path = System/Library/Frameworks/CoreGraphics.framework; sourceTree = SDKROOT; };
		75A2C7BD180382DF00E1DB92 /* MovieGame-Info.plist */ = {isa = PBXFileReference; lastKnownFileType = text.plist.xml; path = "MovieGame-Info.plist"; sourceTree = "<group>"; };
		75A2C7BF180382DF00E1DB92 /* en */ = {isa = PBXFileReference; lastKnownFileType = text.plist.strings; name = en; path = en.lproj/InfoPlist.strings; sourceTree = "<group>"; };
		75A2C7C1180382DF00E1DB92 /* main.m */ = {isa = PBXFileReference; lastKnownFileType = sourcecode.c.objc; path = main.m; sourceTree = "<group>"; };
		75A2C7C3180382DF00E1DB92 /* MovieGame-Prefix.pch */ = {isa = PBXFileReference; lastKnownFileType = sourcecode.c.h; path = "MovieGame-Prefix.pch"; sourceTree = "<group>"; };
		75A2C7C4180382DF00E1DB92 /* MovieGameAppDelegate.h */ = {isa = PBXFileReference; lastKnownFileType = sourcecode.c.h; path = MovieGameAppDelegate.h; sourceTree = "<group>"; };
		75A2C7C5180382DF00E1DB92 /* MovieGameAppDelegate.m */ = {isa = PBXFileReference; lastKnownFileType = sourcecode.c.objc; path = MovieGameAppDelegate.m; sourceTree = "<group>"; };
		75A2C7C7180382DF00E1DB92 /* Default.png */ = {isa = PBXFileReference; lastKnownFileType = image.png; path = Default.png; sourceTree = "<group>"; };
		75A2C7C9180382DF00E1DB92 /* Default@2x.png */ = {isa = PBXFileReference; lastKnownFileType = image.png; path = "Default@2x.png"; sourceTree = "<group>"; };
		75A2C7CB180382DF00E1DB92 /* Default-568h@2x.png */ = {isa = PBXFileReference; lastKnownFileType = image.png; path = "Default-568h@2x.png"; sourceTree = "<group>"; };
		75A2C7D0180382DF00E1DB92 /* MovieGameViewController.h */ = {isa = PBXFileReference; lastKnownFileType = sourcecode.c.h; path = MovieGameViewController.h; sourceTree = "<group>"; };
		75A2C7D1180382DF00E1DB92 /* MovieGameViewController.m */ = {isa = PBXFileReference; lastKnownFileType = sourcecode.c.objc; path = MovieGameViewController.m; sourceTree = "<group>"; };
		75A2C7D8180383DF00E1DB92 /* Question1ViewController.h */ = {isa = PBXFileReference; fileEncoding = 4; lastKnownFileType = sourcecode.c.h; path = Question1ViewController.h; sourceTree = "<group>"; };
		75A2C7D9180383DF00E1DB92 /* Question1ViewController.m */ = {isa = PBXFileReference; fileEncoding = 4; lastKnownFileType = sourcecode.c.objc; path = Question1ViewController.m; sourceTree = "<group>"; };
		75A2C7DB180386C300E1DB92 /* Question2ViewController.h */ = {isa = PBXFileReference; fileEncoding = 4; lastKnownFileType = sourcecode.c.h; path = Question2ViewController.h; sourceTree = "<group>"; };
		75A2C7DC180386C300E1DB92 /* Question2ViewController.m */ = {isa = PBXFileReference; fileEncoding = 4; lastKnownFileType = sourcecode.c.objc; path = Question2ViewController.m; sourceTree = "<group>"; };
/* End PBXFileReference section */

/* Begin PBXFrameworksBuildPhase section */
		75A2C7AE180382DF00E1DB92 /* Frameworks */ = {
			isa = PBXFrameworksBuildPhase;
			buildActionMask = 2147483647;
			files = (
				75A2C7B6180382DF00E1DB92 /* UIKit.framework in Frameworks */,
				75A2C7B8180382DF00E1DB92 /* Foundation.framework in Frameworks */,
				75A2C7BA180382DF00E1DB92 /* CoreGraphics.framework in Frameworks */,
			);
			runOnlyForDeploymentPostprocessing = 0;
		};
/* End PBXFrameworksBuildPhase section */

/* Begin PBXGroup section */
		75A2C7A6180382DF00E1DB92 = {
			isa = PBXGroup;
			children = (
				75718D341831BEE900F92484 /* movie-game-logo.png */,
				75A2C7BB180382DF00E1DB92 /* MovieGame */,
				75A2C7B4180382DF00E1DB92 /* Frameworks */,
				75A2C7B2180382DF00E1DB92 /* Products */,
			);
			sourceTree = "<group>";
		};
		75A2C7B2180382DF00E1DB92 /* Products */ = {
			isa = PBXGroup;
			children = (
				75A2C7B1180382DF00E1DB92 /* MovieGame.app */,
			);
			name = Products;
			sourceTree = "<group>";
		};
		75A2C7B4180382DF00E1DB92 /* Frameworks */ = {
			isa = PBXGroup;
			children = (
				75A2C7B5180382DF00E1DB92 /* UIKit.framework */,
				75A2C7B7180382DF00E1DB92 /* Foundation.framework */,
				75A2C7B9180382DF00E1DB92 /* CoreGraphics.framework */,
			);
			name = Frameworks;
			sourceTree = "<group>";
		};
		75A2C7BB180382DF00E1DB92 /* MovieGame */ = {
			isa = PBXGroup;
			children = (
				75A2C7C4180382DF00E1DB92 /* MovieGameAppDelegate.h */,
				75A2C7C5180382DF00E1DB92 /* MovieGameAppDelegate.m */,
				75A2C7CD180382DF00E1DB92 /* MainStoryboard.storyboard */,
				75A2C7D0180382DF00E1DB92 /* MovieGameViewController.h */,
				75A2C7D1180382DF00E1DB92 /* MovieGameViewController.m */,
				75A2C7BC180382DF00E1DB92 /* Supporting Files */,
				75A2C7D8180383DF00E1DB92 /* Question1ViewController.h */,
				75A2C7D9180383DF00E1DB92 /* Question1ViewController.m */,
				75A2C7DB180386C300E1DB92 /* Question2ViewController.h */,
				75A2C7DC180386C300E1DB92 /* Question2ViewController.m */,
				7542498918038A7C0036F867 /* Question3ViewController.h */,
				7542498A18038A7C0036F867 /* Question3ViewController.m */,
				754FD93C18076C6A005E4281 /* Question4ViewController.h */,
				754FD93D18076C6A005E4281 /* Question4ViewController.m */,
				754FD93F18076DFF005E4281 /* Question5ViewController.h */,
				754FD94018076DFF005E4281 /* Question5ViewController.m */,
				754FD94218076F00005E4281 /* FinishedGameViewController.h */,
				754FD94318076F00005E4281 /* FinishedGameViewController.m */,
			);
			path = MovieGame;
			sourceTree = "<group>";
		};
		75A2C7BC180382DF00E1DB92 /* Supporting Files */ = {
			isa = PBXGroup;
			children = (
				75718D321831BEDD00F92484 /* movie-game-logo.png */,
				75A2C7BD180382DF00E1DB92 /* MovieGame-Info.plist */,
				75A2C7BE180382DF00E1DB92 /* InfoPlist.strings */,
				75A2C7C1180382DF00E1DB92 /* main.m */,
				75A2C7C3180382DF00E1DB92 /* MovieGame-Prefix.pch */,
				75A2C7C7180382DF00E1DB92 /* Default.png */,
				75A2C7C9180382DF00E1DB92 /* Default@2x.png */,
				75A2C7CB180382DF00E1DB92 /* Default-568h@2x.png */,
				754937151831CB1100A136BE /* Localizable.strings */,
			);
			name = "Supporting Files";
			sourceTree = "<group>";
		};
/* End PBXGroup section */

/* Begin PBXNativeTarget section */
		75A2C7B0180382DF00E1DB92 /* MovieGame */ = {
			isa = PBXNativeTarget;
			buildConfigurationList = 75A2C7D5180382DF00E1DB92 /* Build configuration list for PBXNativeTarget "MovieGame" */;
			buildPhases = (
				75A2C7AD180382DF00E1DB92 /* Sources */,
				75A2C7AE180382DF00E1DB92 /* Frameworks */,
				75A2C7AF180382DF00E1DB92 /* Resources */,
			);
			buildRules = (
			);
			dependencies = (
			);
			name = MovieGame;
			productName = MovieGame;
			productReference = 75A2C7B1180382DF00E1DB92 /* MovieGame.app */;
			productType = "com.apple.product-type.application";
		};
/* End PBXNativeTarget section */

/* Begin PBXProject section */
		75A2C7A8180382DF00E1DB92 /* Project object */ = {
			isa = PBXProject;
			attributes = {
				CLASSPREFIX = MovieGame;
				LastUpgradeCheck = 0450;
				ORGANIZATIONNAME = com.eatmychucks;
			};
			buildConfigurationList = 75A2C7AB180382DF00E1DB92 /* Build configuration list for PBXProject "MovieGame" */;
			compatibilityVersion = "Xcode 3.2";
			developmentRegion = English;
			hasScannedForEncodings = 0;
			knownRegions = (
				en,
				Base,
				fr,
				es,
				"zh-Hans",
			);
			mainGroup = 75A2C7A6180382DF00E1DB92;
			productRefGroup = 75A2C7B2180382DF00E1DB92 /* Products */;
			projectDirPath = "";
			projectRoot = "";
			targets = (
				75A2C7B0180382DF00E1DB92 /* MovieGame */,
			);
		};
/* End PBXProject section */

/* Begin PBXResourcesBuildPhase section */
		75A2C7AF180382DF00E1DB92 /* Resources */ = {
			isa = PBXResourcesBuildPhase;
			buildActionMask = 2147483647;
			files = (
				75A2C7C0180382DF00E1DB92 /* InfoPlist.strings in Resources */,
				75A2C7C8180382DF00E1DB92 /* Default.png in Resources */,
				75A2C7CA180382DF00E1DB92 /* Default@2x.png in Resources */,
				75A2C7CC180382DF00E1DB92 /* Default-568h@2x.png in Resources */,
				75A2C7CF180382DF00E1DB92 /* MainStoryboard.storyboard in Resources */,
				75718D331831BEDD00F92484 /* movie-game-logo.png in Resources */,
				75718D351831BEE900F92484 /* movie-game-logo.png in Resources */,
				754937131831CB1100A136BE /* Localizable.strings in Resources */,
			);
			runOnlyForDeploymentPostprocessing = 0;
		};
/* End PBXResourcesBuildPhase section */

/* Begin PBXSourcesBuildPhase section */
		75A2C7AD180382DF00E1DB92 /* Sources */ = {
			isa = PBXSourcesBuildPhase;
			buildActionMask = 2147483647;
			files = (
				75A2C7C2180382DF00E1DB92 /* main.m in Sources */,
				75A2C7C6180382DF00E1DB92 /* MovieGameAppDelegate.m in Sources */,
				75A2C7D2180382DF00E1DB92 /* MovieGameViewController.m in Sources */,
				75A2C7DA180383DF00E1DB92 /* Question1ViewController.m in Sources */,
				75A2C7DD180386C300E1DB92 /* Question2ViewController.m in Sources */,
				7542498B18038A7C0036F867 /* Question3ViewController.m in Sources */,
				754FD93E18076C6A005E4281 /* Question4ViewController.m in Sources */,
				754FD94118076DFF005E4281 /* Question5ViewController.m in Sources */,
				754FD94418076F00005E4281 /* FinishedGameViewController.m in Sources */,
			);
			runOnlyForDeploymentPostprocessing = 0;
		};
/* End PBXSourcesBuildPhase section */

/* Begin PBXVariantGroup section */
		754937151831CB1100A136BE /* Localizable.strings */ = {
			isa = PBXVariantGroup;
			children = (
				754937141831CB1100A136BE /* en */,
				754937161831CB1900A136BE /* fr */,
				754937191831CD0100A136BE /* es */,
				7549371C1831CF5D00A136BE /* zh-Hans */,
			);
			name = Localizable.strings;
			sourceTree = "<group>";
		};
		75A2C7BE180382DF00E1DB92 /* InfoPlist.strings */ = {
			isa = PBXVariantGroup;
			children = (
				75A2C7BF180382DF00E1DB92 /* en */,
				75718D381831C4EE00F92484 /* fr */,
				754937181831CD0100A136BE /* es */,
				7549371B1831CF5D00A136BE /* zh-Hans */,
			);
			name = InfoPlist.strings;
			sourceTree = "<group>";
		};
		75A2C7CD180382DF00E1DB92 /* MainStoryboard.storyboard */ = {
			isa = PBXVariantGroup;
			children = (
				75718D361831C46300F92484 /* Base */,
				75718D371831C4EE00F92484 /* fr */,
				754937171831CD0100A136BE /* es */,
				7549371A1831CF5D00A136BE /* zh-Hans */,
			);
			name = MainStoryboard.storyboard;
			sourceTree = "<group>";
		};
/* End PBXVariantGroup section */

/* Begin XCBuildConfiguration section */
		75A2C7D3180382DF00E1DB92 /* Debug */ = {
			isa = XCBuildConfiguration;
			buildSettings = {
				ALWAYS_SEARCH_USER_PATHS = NO;
				CLANG_CXX_LANGUAGE_STANDARD = "gnu++0x";
				CLANG_CXX_LIBRARY = "libc++";
				CLANG_ENABLE_OBJC_ARC = YES;
				CLANG_WARN_EMPTY_BODY = YES;
				CLANG_WARN__DUPLICATE_METHOD_MATCH = YES;
				"CODE_SIGN_IDENTITY[sdk=iphoneos*]" = "iPhone Developer";
				COPY_PHASE_STRIP = NO;
				GCC_C_LANGUAGE_STANDARD = gnu99;
				GCC_DYNAMIC_NO_PIC = NO;
				GCC_OPTIMIZATION_LEVEL = 0;
				GCC_PREPROCESSOR_DEFINITIONS = (
					"DEBUG=1",
					"$(inherited)",
				);
				GCC_SYMBOLS_PRIVATE_EXTERN = NO;
				GCC_WARN_ABOUT_RETURN_TYPE = YES;
				GCC_WARN_UNINITIALIZED_AUTOS = YES;
				GCC_WARN_UNUSED_VARIABLE = YES;
				IPHONEOS_DEPLOYMENT_TARGET = 6.0;
				ONLY_ACTIVE_ARCH = YES;
				SDKROOT = iphoneos;
			};
			name = Debug;
		};
		75A2C7D4180382DF00E1DB92 /* Release */ = {
			isa = XCBuildConfiguration;
			buildSettings = {
				ALWAYS_SEARCH_USER_PATHS = NO;
				CLANG_CXX_LANGUAGE_STANDARD = "gnu++0x";
				CLANG_CXX_LIBRARY = "libc++";
				CLANG_ENABLE_OBJC_ARC = YES;
				CLANG_WARN_EMPTY_BODY = YES;
				CLANG_WARN__DUPLICATE_METHOD_MATCH = YES;
				"CODE_SIGN_IDENTITY[sdk=iphoneos*]" = "iPhone Developer";
				COPY_PHASE_STRIP = YES;
				GCC_C_LANGUAGE_STANDARD = gnu99;
				GCC_WARN_ABOUT_RETURN_TYPE = YES;
				GCC_WARN_UNINITIALIZED_AUTOS = YES;
				GCC_WARN_UNUSED_VARIABLE = YES;
				IPHONEOS_DEPLOYMENT_TARGET = 6.0;
				OTHER_CFLAGS = "-DNS_BLOCK_ASSERTIONS=1";
				SDKROOT = iphoneos;
				VALIDATE_PRODUCT = YES;
			};
			name = Release;
		};
		75A2C7D6180382DF00E1DB92 /* Debug */ = {
			isa = XCBuildConfiguration;
			buildSettings = {
				GCC_PRECOMPILE_PREFIX_HEADER = YES;
				GCC_PREFIX_HEADER = "MovieGame/MovieGame-Prefix.pch";
				INFOPLIST_FILE = "MovieGame/MovieGame-Info.plist";
				PRODUCT_NAME = "$(TARGET_NAME)";
				WRAPPER_EXTENSION = app;
			};
			name = Debug;
		};
		75A2C7D7180382DF00E1DB92 /* Release */ = {
			isa = XCBuildConfiguration;
			buildSettings = {
				GCC_PRECOMPILE_PREFIX_HEADER = YES;
				GCC_PREFIX_HEADER = "MovieGame/MovieGame-Prefix.pch";
				INFOPLIST_FILE = "MovieGame/MovieGame-Info.plist";
				PRODUCT_NAME = "$(TARGET_NAME)";
				WRAPPER_EXTENSION = app;
			};
			name = Release;
		};
/* End XCBuildConfiguration section */

/* Begin XCConfigurationList section */
		75A2C7AB180382DF00E1DB92 /* Build configuration list for PBXProject "MovieGame" */ = {
			isa = XCConfigurationList;
			buildConfigurations = (
				75A2C7D3180382DF00E1DB92 /* Debug */,
				75A2C7D4180382DF00E1DB92 /* Release */,
			);
			defaultConfigurationIsVisible = 0;
			defaultConfigurationName = Release;
		};
		75A2C7D5180382DF00E1DB92 /* Build configuration list for PBXNativeTarget "MovieGame" */ = {
			isa = XCConfigurationList;
			buildConfigurations = (
				75A2C7D6180382DF00E1DB92 /* Debug */,
				75A2C7D7180382DF00E1DB92 /* Release */,
			);
			defaultConfigurationIsVisible = 0;
			defaultConfigurationName = Release;
		};
/* End XCConfigurationList section */
	};
	rootObject = 75A2C7A8180382DF00E1DB92 /* Project object */;
}
